
Microsoft Visual Studio Solution File, Format Version 12.00
# Visual Studio 2012
Project("{FAE04EC0-301F-11D3-BF4B-00C04F79EFBC}") = "TestGlobalMSBuildPropertyAddin", "TestGlobalMSBuildPropertyAddin\TestGlobalMSBuildPropertyAddin.csproj", "{DA680055-ED95-4CE4-8BA5-7D4DD1ED0C1A}"
EndProject
Global
	GlobalSection(SolutionConfigurationPlatforms) = preSolution
		Debug|Any CPU = Debug|Any CPU
		Release|Any CPU = Release|Any CPU
	EndGlobalSection
	GlobalSection(ProjectConfigurationPlatforms) = postSolution
		{DA680055-ED95-4CE4-8BA5-7D4DD1ED0C1A}.Debug|Any CPU.ActiveCfg = Debug|Any CPU
		{DA680055-ED95-4CE4-8BA5-7D4DD1ED0C1A}.Debug|Any CPU.Build.0 = Debug|Any CPU
		{DA680055-ED95-4CE4-8BA5-7D4DD1ED0C1A}.Release|Any CPU.ActiveCfg = Release|Any CPU
		{DA680055-ED95-4CE4-8BA5-7D4DD1ED0C1A}.Release|Any CPU.Build.0 = Release|Any CPU
	EndGlobalSection
EndGlobal
